
Microsoft Visual Studio Solution File, Format Version 12.00
# Visual Studio 15
VisualStudioVersion = 15.0.28307.421
MinimumVisualStudioVersion = 10.0.40219.1
Project("{6EC3EE1D-3C4E-46DD-8F32-0CC8E7565705}") = "OctoPass.Api", "OctoPass.Api\OctoPass.Api.fsproj", "{F8D97864-11B3-4ABA-8C87-E512926FC9DA}"
EndProject
Project("{6EC3EE1D-3C4E-46DD-8F32-0CC8E7565705}") = "OctoPass.ApiTest", "OctoPass.ApiTest\OctoPass.ApiTest.fsproj", "{22B57D82-E98C-495B-9EEB-994C9B1D71AB}"
EndProject
Project("{6EC3EE1D-3C4E-46DD-8F32-0CC8E7565705}") = "OctoPass.Repository", "OctoPass.Repository\OctoPass.Repository.fsproj", "{08E3CF72-3A30-4715-A0A5-BF45EF0E29B5}"
EndProject
Project("{FAE04EC0-301F-11D3-BF4B-00C04F79EFBC}") = "OctoPass.Web", "OctoPass.Web\OctoPass.Web.csproj", "{8C06D637-04E1-4A3E-B3C0-E1DCB1D29140}"
EndProject
Global
	GlobalSection(SolutionConfigurationPlatforms) = preSolution
		Debug|Any CPU = Debug|Any CPU
		Release|Any CPU = Release|Any CPU
	EndGlobalSection
	GlobalSection(ProjectConfigurationPlatforms) = postSolution
		{F8D97864-11B3-4ABA-8C87-E512926FC9DA}.Debug|Any CPU.ActiveCfg = Debug|Any CPU
		{F8D97864-11B3-4ABA-8C87-E512926FC9DA}.Debug|Any CPU.Build.0 = Debug|Any CPU
		{F8D97864-11B3-4ABA-8C87-E512926FC9DA}.Release|Any CPU.ActiveCfg = Release|Any CPU
		{F8D97864-11B3-4ABA-8C87-E512926FC9DA}.Release|Any CPU.Build.0 = Release|Any CPU
		{22B57D82-E98C-495B-9EEB-994C9B1D71AB}.Debug|Any CPU.ActiveCfg = Debug|Any CPU
		{22B57D82-E98C-495B-9EEB-994C9B1D71AB}.Debug|Any CPU.Build.0 = Debug|Any CPU
		{22B57D82-E98C-495B-9EEB-994C9B1D71AB}.Release|Any CPU.ActiveCfg = Release|Any CPU
		{22B57D82-E98C-495B-9EEB-994C9B1D71AB}.Release|Any CPU.Build.0 = Release|Any CPU
		{08E3CF72-3A30-4715-A0A5-BF45EF0E29B5}.Debug|Any CPU.ActiveCfg = Debug|Any CPU
		{08E3CF72-3A30-4715-A0A5-BF45EF0E29B5}.Debug|Any CPU.Build.0 = Debug|Any CPU
		{08E3CF72-3A30-4715-A0A5-BF45EF0E29B5}.Release|Any CPU.ActiveCfg = Release|Any CPU
		{08E3CF72-3A30-4715-A0A5-BF45EF0E29B5}.Release|Any CPU.Build.0 = Release|Any CPU
		{8C06D637-04E1-4A3E-B3C0-E1DCB1D29140}.Debug|Any CPU.ActiveCfg = Debug|Any CPU
		{8C06D637-04E1-4A3E-B3C0-E1DCB1D29140}.Debug|Any CPU.Build.0 = Debug|Any CPU
		{8C06D637-04E1-4A3E-B3C0-E1DCB1D29140}.Release|Any CPU.ActiveCfg = Release|Any CPU
		{8C06D637-04E1-4A3E-B3C0-E1DCB1D29140}.Release|Any CPU.Build.0 = Release|Any CPU
	EndGlobalSection
	GlobalSection(SolutionProperties) = preSolution
		HideSolutionNode = FALSE
	EndGlobalSection
	GlobalSection(ExtensibilityGlobals) = postSolution
		SolutionGuid = {2BA77A01-DE55-4763-A56B-A4F52163C576}
	EndGlobalSection
EndGlobal
